--- 
hash: 0f526f2defe09983624ee944c884262455c4d59c
sources: 
  - Rubygems: 
      uri: http://gemcutter.org
specs: 
  - rake: 
      version: 0.8.7
  - json_pure: 
      version: 1.2.3
  - rubyforge: 
      version: 2.0.4
  - hoe: 
      version: 2.3.3
  - Antwrap: 
      version: 0.7.0
  - archive-tar-minitar: 
      version: 0.5.2
  - builder: 
      version: 2.1.2
  - gemcutter: 
      version: 0.5.0
  - git: 
      version: 1.2.5
  - highline: 
      version: 1.5.1
  - jeweler: 
      version: 1.4.0
  - jruby-openssl: 
      version: 0.5.2
  - net-ssh: 
      version: 2.0.15
  - net-sftp: 
      version: 2.0.2
  - rspec: 
      version: 1.2.9
  - rubyzip: 
      version: 0.9.1
  - xml-simple: 
      version: 1.0.12
dependencies: 
  jeweler: 
    version: = 1.4.0
    group: 
      - :development
  rake: 
    version: = 0.8.7
    group: 
      - :development
  builder: 
    version: = 2.1.2
    group: 
      - :development
  net-ssh: 
    version: = 2.0.15
    group: 
      - :development
  net-sftp: 
    version: = 2.0.2
    group: 
      - :development
  rubyzip: 
    version: = 0.9.1
    group: 
      - :development
  highline: 
    version: = 1.5.1
    group: 
      - :development
  rubyforge: 
    version: = 2.0.4
    group: 
      - :development
  hoe: 
    version: = 2.3.3
    group: 
      - :development
  Antwrap: 
    version: = 0.7.0
    group: 
      - :development
  rspec: 
    version: = 1.2.9
    group: 
      - :development
  xml-simple: 
    version: = 1.0.12
    group: 
      - :development
  archive-tar-minitar: 
    version: = 0.5.2
    group: 
      - :development
  jruby-openssl: 
    version: = 0.5.2
    group: 
      - :development
